
Microsoft Visual Studio Solution File, Format Version 12.00
# Visual Studio 15
VisualStudioVersion = 15.0.26124.0
MinimumVisualStudioVersion = 15.0.26124.0
Project("{F2A71F9B-5D33-465A-A702-920D77279786}") = "Tries", "Tries\Tries.fsproj", "{24444497-2AAE-479F-B691-C001AAAF0F0B}"
EndProject
Project("{F2A71F9B-5D33-465A-A702-920D77279786}") = "Tries.Tests", "Tries.Tests\Tries.Tests.fsproj", "{FEA84416-DF4B-4D37-A00B-68B07A2C7FEA}"
EndProject
Global
	GlobalSection(SolutionConfigurationPlatforms) = preSolution
		Debug|Any CPU = Debug|Any CPU
		Debug|x64 = Debug|x64
		Debug|x86 = Debug|x86
		Release|Any CPU = Release|Any CPU
		Release|x64 = Release|x64
		Release|x86 = Release|x86
	EndGlobalSection
	GlobalSection(SolutionProperties) = preSolution
		HideSolutionNode = FALSE
	EndGlobalSection
	GlobalSection(ProjectConfigurationPlatforms) = postSolution
		{24444497-2AAE-479F-B691-C001AAAF0F0B}.Debug|Any CPU.ActiveCfg = Debug|Any CPU
		{24444497-2AAE-479F-B691-C001AAAF0F0B}.Debug|Any CPU.Build.0 = Debug|Any CPU
		{24444497-2AAE-479F-B691-C001AAAF0F0B}.Debug|x64.ActiveCfg = Debug|Any CPU
		{24444497-2AAE-479F-B691-C001AAAF0F0B}.Debug|x64.Build.0 = Debug|Any CPU
		{24444497-2AAE-479F-B691-C001AAAF0F0B}.Debug|x86.ActiveCfg = Debug|Any CPU
		{24444497-2AAE-479F-B691-C001AAAF0F0B}.Debug|x86.Build.0 = Debug|Any CPU
		{24444497-2AAE-479F-B691-C001AAAF0F0B}.Release|Any CPU.ActiveCfg = Release|Any CPU
		{24444497-2AAE-479F-B691-C001AAAF0F0B}.Release|Any CPU.Build.0 = Release|Any CPU
		{24444497-2AAE-479F-B691-C001AAAF0F0B}.Release|x64.ActiveCfg = Release|Any CPU
		{24444497-2AAE-479F-B691-C001AAAF0F0B}.Release|x64.Build.0 = Release|Any CPU
		{24444497-2AAE-479F-B691-C001AAAF0F0B}.Release|x86.ActiveCfg = Release|Any CPU
		{24444497-2AAE-479F-B691-C001AAAF0F0B}.Release|x86.Build.0 = Release|Any CPU
		{FEA84416-DF4B-4D37-A00B-68B07A2C7FEA}.Debug|Any CPU.ActiveCfg = Debug|Any CPU
		{FEA84416-DF4B-4D37-A00B-68B07A2C7FEA}.Debug|Any CPU.Build.0 = Debug|Any CPU
		{FEA84416-DF4B-4D37-A00B-68B07A2C7FEA}.Debug|x64.ActiveCfg = Debug|Any CPU
		{FEA84416-DF4B-4D37-A00B-68B07A2C7FEA}.Debug|x64.Build.0 = Debug|Any CPU
		{FEA84416-DF4B-4D37-A00B-68B07A2C7FEA}.Debug|x86.ActiveCfg = Debug|Any CPU
		{FEA84416-DF4B-4D37-A00B-68B07A2C7FEA}.Debug|x86.Build.0 = Debug|Any CPU
		{FEA84416-DF4B-4D37-A00B-68B07A2C7FEA}.Release|Any CPU.ActiveCfg = Release|Any CPU
		{FEA84416-DF4B-4D37-A00B-68B07A2C7FEA}.Release|Any CPU.Build.0 = Release|Any CPU
		{FEA84416-DF4B-4D37-A00B-68B07A2C7FEA}.Release|x64.ActiveCfg = Release|Any CPU
		{FEA84416-DF4B-4D37-A00B-68B07A2C7FEA}.Release|x64.Build.0 = Release|Any CPU
		{FEA84416-DF4B-4D37-A00B-68B07A2C7FEA}.Release|x86.ActiveCfg = Release|Any CPU
		{FEA84416-DF4B-4D37-A00B-68B07A2C7FEA}.Release|x86.Build.0 = Release|Any CPU
	EndGlobalSection
EndGlobal
